
Microsoft Visual Studio Solution File, Format Version 12.00
# Visual Studio Version 17
VisualStudioVersion = 17.0.32014.148
MinimumVisualStudioVersion = 10.0.40219.1
Project("{FAE04EC0-301F-11D3-BF4B-00C04F79EFBC}") = "Learning_JWT", "Learning_JWT.csproj", "{9904538F-9F29-438E-8648-5E98885BBE8F}"
EndProject
Global
	GlobalSection(SolutionConfigurationPlatforms) = preSolution
		Debug|Any CPU = Debug|Any CPU
		Release|Any CPU = Release|Any CPU
	EndGlobalSection
	GlobalSection(ProjectConfigurationPlatforms) = postSolution
		{9904538F-9F29-438E-8648-5E98885BBE8F}.Debug|Any CPU.ActiveCfg = Debug|Any CPU
		{9904538F-9F29-438E-8648-5E98885BBE8F}.Debug|Any CPU.Build.0 = Debug|Any CPU
		{9904538F-9F29-438E-8648-5E98885BBE8F}.Release|Any CPU.ActiveCfg = Release|Any CPU
		{9904538F-9F29-438E-8648-5E98885BBE8F}.Release|Any CPU.Build.0 = Release|Any CPU
	EndGlobalSection
	GlobalSection(SolutionProperties) = preSolution
		HideSolutionNode = FALSE
	EndGlobalSection
	GlobalSection(ExtensibilityGlobals) = postSolution
		SolutionGuid = {A96C0A93-31BA-406D-B969-5AF97AD1002C}
	EndGlobalSection
EndGlobal
