
Microsoft Visual Studio Solution File, Format Version 12.00
# Visual Studio Version 17
VisualStudioVersion = 17.1.31911.260
MinimumVisualStudioVersion = 10.0.40219.1
Project("{FAE04EC0-301F-11D3-BF4B-00C04F79EFBC}") = "Faint", "Faint.csproj", "{5D7D35E0-4658-40F7-A1B9-9E8F6F754B7A}"
EndProject
Global
	GlobalSection(SolutionConfigurationPlatforms) = preSolution
		Debug|Any CPU = Debug|Any CPU
		Release|Any CPU = Release|Any CPU
	EndGlobalSection
	GlobalSection(ProjectConfigurationPlatforms) = postSolution
		{5D7D35E0-4658-40F7-A1B9-9E8F6F754B7A}.Debug|Any CPU.ActiveCfg = Debug|Any CPU
		{5D7D35E0-4658-40F7-A1B9-9E8F6F754B7A}.Debug|Any CPU.Build.0 = Debug|Any CPU
		{5D7D35E0-4658-40F7-A1B9-9E8F6F754B7A}.Release|Any CPU.ActiveCfg = Release|Any CPU
		{5D7D35E0-4658-40F7-A1B9-9E8F6F754B7A}.Release|Any CPU.Build.0 = Release|Any CPU
	EndGlobalSection
	GlobalSection(SolutionProperties) = preSolution
		HideSolutionNode = FALSE
	EndGlobalSection
	GlobalSection(ExtensibilityGlobals) = postSolution
		SolutionGuid = {36830410-B7DF-4AC5-8007-157E5B72C8F8}
	EndGlobalSection
EndGlobal
